
Microsoft Visual Studio Solution File, Format Version 12.00
# Visual Studio Version 16
VisualStudioVersion = 16.0.31112.23
MinimumVisualStudioVersion = 10.0.40219.1
Project("{FAE04EC0-301F-11D3-BF4B-00C04F79EFBC}") = "Servicios.TramitesUmss", "Servicios.TramitesUmss\Servicios.TramitesUmss.csproj", "{0E43CA79-236F-48C3-BC6F-43E2D6C85C3B}"
EndProject
Global
	GlobalSection(SolutionConfigurationPlatforms) = preSolution
		Debug|Any CPU = Debug|Any CPU
		Release|Any CPU = Release|Any CPU
	EndGlobalSection
	GlobalSection(ProjectConfigurationPlatforms) = postSolution
		{0E43CA79-236F-48C3-BC6F-43E2D6C85C3B}.Debug|Any CPU.ActiveCfg = Debug|Any CPU
		{0E43CA79-236F-48C3-BC6F-43E2D6C85C3B}.Debug|Any CPU.Build.0 = Debug|Any CPU
		{0E43CA79-236F-48C3-BC6F-43E2D6C85C3B}.Release|Any CPU.ActiveCfg = Release|Any CPU
		{0E43CA79-236F-48C3-BC6F-43E2D6C85C3B}.Release|Any CPU.Build.0 = Release|Any CPU
	EndGlobalSection
	GlobalSection(SolutionProperties) = preSolution
		HideSolutionNode = FALSE
	EndGlobalSection
	GlobalSection(ExtensibilityGlobals) = postSolution
		SolutionGuid = {EBBFE339-1A4A-4D1B-ABF2-17F5EEF8A319}
	EndGlobalSection
EndGlobal
